
Microsoft Visual Studio Solution File, Format Version 12.00
# Visual Studio Version 16
VisualStudioVersion = 16.0.30406.217
MinimumVisualStudioVersion = 10.0.40219.1
Project("{FAE04EC0-301F-11D3-BF4B-00C04F79EFBC}") = "Add WorkingHours And WorkingDays", "Add WorkingHours And WorkingDays\Add WorkingHours And WorkingDays.csproj", "{27537D6C-D199-40DE-87AA-298F42719FE5}"
EndProject
Global
	GlobalSection(SolutionConfigurationPlatforms) = preSolution
		Debug|Any CPU = Debug|Any CPU
		Release|Any CPU = Release|Any CPU
	EndGlobalSection
	GlobalSection(ProjectConfigurationPlatforms) = postSolution
		{27537D6C-D199-40DE-87AA-298F42719FE5}.Debug|Any CPU.ActiveCfg = Debug|Any CPU
		{27537D6C-D199-40DE-87AA-298F42719FE5}.Debug|Any CPU.Build.0 = Debug|Any CPU
		{27537D6C-D199-40DE-87AA-298F42719FE5}.Release|Any CPU.ActiveCfg = Release|Any CPU
		{27537D6C-D199-40DE-87AA-298F42719FE5}.Release|Any CPU.Build.0 = Release|Any CPU
	EndGlobalSection
	GlobalSection(SolutionProperties) = preSolution
		HideSolutionNode = FALSE
	EndGlobalSection
	GlobalSection(ExtensibilityGlobals) = postSolution
		SolutionGuid = {3600EA88-92BF-4B18-8448-3448DE5DBE19}
	EndGlobalSection
EndGlobal
